schema: '2.0'
stages:
  make_dataset:
    cmd: python src/data/make_dataset.py
    deps:
    - path: data/raw
      hash: md5
      md5: 8a3f4439f2d4256f31d20bea4f46d45e.dir
      size: 262230
      nfiles: 3
    - path: src/data/make_dataset.py
      hash: md5
      md5: d84b6442a57ff4f7cd2437c3c68cf1c8
      size: 751
    outs:
    - path: data/processed
      hash: md5
      md5: 103c0b0a96bf6a2fc5559f92ebabd4f0.dir
      size: 270075
      nfiles: 2
  data_preprocessing:
    cmd: python src/data/data_preprocessing.py
    deps:
    - path: data/processed
      hash: md5
      md5: 103c0b0a96bf6a2fc5559f92ebabd4f0.dir
      size: 270075
      nfiles: 2
    - path: src/data/data_preprocessing.py
      hash: md5
      md5: e71e20207b0da70828a372ec1f7f6aa1
      size: 3558
    outs:
    - path: data/interim
      hash: md5
      md5: 504598cce17643ac1cb2b165b26e6eef.dir
      size: 295660
      nfiles: 2
  train_model:
    cmd: python src/models/train_model.py
    deps:
    - path: data/interim
      hash: md5
      md5: 46718eda3c7cc4001507f48a9ef0044d.dir
      size: 361038
      nfiles: 3
    - path: src/models/train_model.py
      hash: md5
      md5: 50b85958394b86f38315a707bc4537da
      size: 2957
    outs:
    - path: models/pipeline
      hash: md5
      md5: fc3b4c15ac44c22a7a64caafd9818fee.dir
      size: 3825023
      nfiles: 1
  evaluate_model:
    cmd: python src/models/evaluate_model.py
    deps:
    - path: data/interim/test_with_predictions.csv
      hash: md5
      md5: 05b76f5ac6f83d149096e488de549009
      size: 65378
    - path: models/pipeline/pipeline_model.joblib
      hash: md5
      md5: 27af762ee44e76db86a42df1bc0faf69
      size: 3825023
    - path: src/models/evaluate_model.py
      hash: md5
      md5: 29b3110b3b775e437949e96c643f061d
      size: 2249
    outs:
    - path: models/metrics
      hash: md5
      md5: fec4db31b11ee8b94ad1fc371ca38dc1.dir
      size: 126
      nfiles: 1
